
Microsoft Visual Studio Solution File, Format Version 12.00
# Visual Studio 2012
Project("{F184B08F-C81C-45F6-A57F-5ABD9991F28F}") = "OPTAVER_Inventor_ADDIN_VB", "OPTAVER_Inventor_ADDIN\OPTAVER_Inventor_ADDIN_VB.vbproj", "{760DCB7E-0930-413A-B498-8DC6E29C5FE6}"
EndProject
Project("{FAE04EC0-301F-11D3-BF4B-00C04F79EFBC}") = "OPTAVER_GraphPlotter_CS", "..\OPTAVER_GraphPlotter\GraphPlotter\OPTAVER_GraphPlotter_CS.csproj", "{4C7CCF2B-A3AF-4035-88FA-2E449321BC81}"
EndProject
Project("{F184B08F-C81C-45F6-A57F-5ABD9991F28F}") = "OPTAVER_Projekt_Leiterbahn_VB", "..\OPTAVER_Projekt_Leiterbahn\Projekt_Leiterbahn\OPTAVER_Projekt_Leiterbahn_VB.vbproj", "{5284E3B4-0930-4164-8351-6CEC3CF1183D}"
EndProject
Project("{2150E333-8FDC-42A3-9474-1A3956D46DE8}") = "OPTAVER_PM_Layout_CPP", "OPTAVER_PM_Layout_CPP", "{35457C13-8F67-42AF-A3FB-CA31874C1CC0}"
EndProject
Project("{8BC9CEB8-8B4A-11D0-8D11-00A0C91BC942}") = "brep_processing", "..\PM_Layout_CPP\BRep_Processing\prj\brep_processing.vcxproj", "{1524C660-78B2-4D18-956A-6365123FB8C2}"
EndProject
Project("{8BC9CEB8-8B4A-11D0-8D11-00A0C91BC942}") = "brepmid", "..\PM_Layout_CPP\BRepMID\prj\brepmid.vcxproj", "{C587BA8B-2DEF-4168-AD6F-417226FEAC43}"
EndProject
Project("{8BC9CEB8-8B4A-11D0-8D11-00A0C91BC942}") = "c_interface", "..\PM_Layout_CPP\C_Interface\prj\c_interface.vcxproj", "{21189BD8-BF25-420D-86F1-65956FBD6DBC}"
EndProject
Project("{8BC9CEB8-8B4A-11D0-8D11-00A0C91BC942}") = "circuit", "..\PM_Layout_CPP\Circuit\prj\circuit.vcxproj", "{6BF38E9C-A5FD-4EB5-BF84-0CD932C8EF4E}"
EndProject
Project("{8BC9CEB8-8B4A-11D0-8D11-00A0C91BC942}") = "geometrymid", "..\PM_Layout_CPP\GeometryMID\prj\geometrymid.vcxproj", "{A490DE59-4919-4BD0-A516-C23F966C2697}"
EndProject
Project("{8BC9CEB8-8B4A-11D0-8D11-00A0C91BC942}") = "graph", "..\PM_Layout_CPP\Graph\prj\graph.vcxproj", "{E2629DFD-5DC7-4E5C-8665-82CA0DAB2B95}"
EndProject
Project("{8BC9CEB8-8B4A-11D0-8D11-00A0C91BC942}") = "maptools", "..\PM_Layout_CPP\maptools\prj\maptools.vcxproj", "{AE147945-247D-4B51-A9FF-5DC3B6B0BAB6}"
EndProject
Project("{8BC9CEB8-8B4A-11D0-8D11-00A0C91BC942}") = "mid_product_model", "..\PM_Layout_CPP\MID_Product_Model\prj\mid_product_model.vcxproj", "{4389996F-ADD5-4868-9A1F-EFB5D0AAE360}"
EndProject
Project("{8BC9CEB8-8B4A-11D0-8D11-00A0C91BC942}") = "midlayoutbase", "..\PM_Layout_CPP\MidLayoutBase\prj\midlayoutbase.vcxproj", "{6FF52E55-61AF-4989-A125-58FD9C458328}"
EndProject
Project("{8BC9CEB8-8B4A-11D0-8D11-00A0C91BC942}") = "routing", "..\PM_Layout_CPP\routing\prj\routing.vcxproj", "{82BD097F-4FD1-4C5F-AEB9-152AE66D2B2B}"
EndProject
Project("{8BC9CEB8-8B4A-11D0-8D11-00A0C91BC942}") = "routing_result", "..\PM_Layout_CPP\RoutingResult\prj\routing_result.vcxproj", "{AAEE3645-F9C5-4FC3-8657-9FCBB52B6D1E}"
EndProject
Project("{8BC9CEB8-8B4A-11D0-8D11-00A0C91BC942}") = "routing_task", "..\PM_Layout_CPP\RoutingTask\prj\routing_task.vcxproj", "{8BEA331A-36EE-44EE-93E4-3B195AF7CB58}"
EndProject
Project("{F184B08F-C81C-45F6-A57F-5ABD9991F28F}") = "MIDProjectVB3", "..\MIDProjectVB3\MIDProjectVB3.vbproj", "{E3133B87-5830-4ECA-A611-BE8CABD0D3EF}"
EndProject
Project("{F184B08F-C81C-45F6-A57F-5ABD9991F28F}") = "OPTAVER_Exp_Raytrace", "..\OPTAVER_Exp_Raytrace\OPTAVER_Exp_Raytrace\OPTAVER_Exp_Raytrace.vbproj", "{978411C2-9793-4684-B781-21E9F0D38335}"
EndProject
Global
	GlobalSection(SolutionConfigurationPlatforms) = preSolution
		Debug|Any CPU = Debug|Any CPU
		Debug|Mixed Platforms = Debug|Mixed Platforms
		Debug|Win32 = Debug|Win32
		FullDebug|Any CPU = FullDebug|Any CPU
		FullDebug|Mixed Platforms = FullDebug|Mixed Platforms
		FullDebug|Win32 = FullDebug|Win32
		Release|Any CPU = Release|Any CPU
		Release|Mixed Platforms = Release|Mixed Platforms
		Release|Win32 = Release|Win32
		UnicodeDebug|Any CPU = UnicodeDebug|Any CPU
		UnicodeDebug|Mixed Platforms = UnicodeDebug|Mixed Platforms
		UnicodeDebug|Win32 = UnicodeDebug|Win32
		UnicodeFullDebug|Any CPU = UnicodeFullDebug|Any CPU
		UnicodeFullDebug|Mixed Platforms = UnicodeFullDebug|Mixed Platforms
		UnicodeFullDebug|Win32 = UnicodeFullDebug|Win32
		UnicodeRelease|Any CPU = UnicodeRelease|Any CPU
		UnicodeRelease|Mixed Platforms = UnicodeRelease|Mixed Platforms
		UnicodeRelease|Win32 = UnicodeRelease|Win32
	EndGlobalSection
	GlobalSection(ProjectConfigurationPlatforms) = postSolution
		{760DCB7E-0930-413A-B498-8DC6E29C5FE6}.Debug|Any CPU.ActiveCfg = Debug|Any CPU
		{760DCB7E-0930-413A-B498-8DC6E29C5FE6}.Debug|Any CPU.Build.0 = Debug|Any CPU
		{760DCB7E-0930-413A-B498-8DC6E29C5FE6}.Debug|Mixed Platforms.ActiveCfg = Debug|Any CPU
		{760DCB7E-0930-413A-B498-8DC6E29C5FE6}.Debug|Mixed Platforms.Build.0 = Debug|Any CPU
		{760DCB7E-0930-413A-B498-8DC6E29C5FE6}.Debug|Win32.ActiveCfg = Debug|Any CPU
		{760DCB7E-0930-413A-B498-8DC6E29C5FE6}.FullDebug|Any CPU.ActiveCfg = Debug|Any CPU
		{760DCB7E-0930-413A-B498-8DC6E29C5FE6}.FullDebug|Any CPU.Build.0 = Debug|Any CPU
		{760DCB7E-0930-413A-B498-8DC6E29C5FE6}.FullDebug|Mixed Platforms.ActiveCfg = Debug|Any CPU
		{760DCB7E-0930-413A-B498-8DC6E29C5FE6}.FullDebug|Mixed Platforms.Build.0 = Debug|Any CPU
		{760DCB7E-0930-413A-B498-8DC6E29C5FE6}.FullDebug|Win32.ActiveCfg = Debug|Any CPU
		{760DCB7E-0930-413A-B498-8DC6E29C5FE6}.Release|Any CPU.ActiveCfg = Release|Any CPU
		{760DCB7E-0930-413A-B498-8DC6E29C5FE6}.Release|Any CPU.Build.0 = Release|Any CPU
		{760DCB7E-0930-413A-B498-8DC6E29C5FE6}.Release|Mixed Platforms.ActiveCfg = Release|Any CPU
		{760DCB7E-0930-413A-B498-8DC6E29C5FE6}.Release|Mixed Platforms.Build.0 = Release|Any CPU
		{760DCB7E-0930-413A-B498-8DC6E29C5FE6}.Release|Win32.ActiveCfg = Release|Any CPU
		{760DCB7E-0930-413A-B498-8DC6E29C5FE6}.UnicodeDebug|Any CPU.ActiveCfg = Debug|Any CPU
		{760DCB7E-0930-413A-B498-8DC6E29C5FE6}.UnicodeDebug|Any CPU.Build.0 = Debug|Any CPU
		{760DCB7E-0930-413A-B498-8DC6E29C5FE6}.UnicodeDebug|Mixed Platforms.ActiveCfg = Debug|Any CPU
		{760DCB7E-0930-413A-B498-8DC6E29C5FE6}.UnicodeDebug|Mixed Platforms.Build.0 = Debug|Any CPU
		{760DCB7E-0930-413A-B498-8DC6E29C5FE6}.UnicodeDebug|Win32.ActiveCfg = Debug|Any CPU
		{760DCB7E-0930-413A-B498-8DC6E29C5FE6}.UnicodeFullDebug|Any CPU.ActiveCfg = Debug|Any CPU
		{760DCB7E-0930-413A-B498-8DC6E29C5FE6}.UnicodeFullDebug|Any CPU.Build.0 = Debug|Any CPU
		{760DCB7E-0930-413A-B498-8DC6E29C5FE6}.UnicodeFullDebug|Mixed Platforms.ActiveCfg = Debug|Any CPU
		{760DCB7E-0930-413A-B498-8DC6E29C5FE6}.UnicodeFullDebug|Mixed Platforms.Build.0 = Debug|Any CPU
		{760DCB7E-0930-413A-B498-8DC6E29C5FE6}.UnicodeFullDebug|Win32.ActiveCfg = Debug|Any CPU
		{760DCB7E-0930-413A-B498-8DC6E29C5FE6}.UnicodeRelease|Any CPU.ActiveCfg = Release|Any CPU
		{760DCB7E-0930-413A-B498-8DC6E29C5FE6}.UnicodeRelease|Any CPU.Build.0 = Release|Any CPU
		{760DCB7E-0930-413A-B498-8DC6E29C5FE6}.UnicodeRelease|Mixed Platforms.ActiveCfg = Release|Any CPU
		{760DCB7E-0930-413A-B498-8DC6E29C5FE6}.UnicodeRelease|Mixed Platforms.Build.0 = Release|Any CPU
		{760DCB7E-0930-413A-B498-8DC6E29C5FE6}.UnicodeRelease|Win32.ActiveCfg = Release|Any CPU
		{4C7CCF2B-A3AF-4035-88FA-2E449321BC81}.Debug|Any CPU.ActiveCfg = Debug|Any CPU
		{4C7CCF2B-A3AF-4035-88FA-2E449321BC81}.Debug|Any CPU.Build.0 = Debug|Any CPU
		{4C7CCF2B-A3AF-4035-88FA-2E449321BC81}.Debug|Mixed Platforms.ActiveCfg = Debug|Any CPU
		{4C7CCF2B-A3AF-4035-88FA-2E449321BC81}.Debug|Mixed Platforms.Build.0 = Debug|Any CPU
		{4C7CCF2B-A3AF-4035-88FA-2E449321BC81}.Debug|Win32.ActiveCfg = Debug|Any CPU
		{4C7CCF2B-A3AF-4035-88FA-2E449321BC81}.FullDebug|Any CPU.ActiveCfg = Debug|Any CPU
		{4C7CCF2B-A3AF-4035-88FA-2E449321BC81}.FullDebug|Any CPU.Build.0 = Debug|Any CPU
		{4C7CCF2B-A3AF-4035-88FA-2E449321BC81}.FullDebug|Mixed Platforms.ActiveCfg = Debug|Any CPU
		{4C7CCF2B-A3AF-4035-88FA-2E449321BC81}.FullDebug|Mixed Platforms.Build.0 = Debug|Any CPU
		{4C7CCF2B-A3AF-4035-88FA-2E449321BC81}.FullDebug|Win32.ActiveCfg = Debug|Any CPU
		{4C7CCF2B-A3AF-4035-88FA-2E449321BC81}.Release|Any CPU.ActiveCfg = Release|Any CPU
		{4C7CCF2B-A3AF-4035-88FA-2E449321BC81}.Release|Any CPU.Build.0 = Release|Any CPU
		{4C7CCF2B-A3AF-4035-88FA-2E449321BC81}.Release|Mixed Platforms.ActiveCfg = Release|Any CPU
		{4C7CCF2B-A3AF-4035-88FA-2E449321BC81}.Release|Mixed Platforms.Build.0 = Release|Any CPU
		{4C7CCF2B-A3AF-4035-88FA-2E449321BC81}.Release|Win32.ActiveCfg = Release|Any CPU
		{4C7CCF2B-A3AF-4035-88FA-2E449321BC81}.UnicodeDebug|Any CPU.ActiveCfg = Debug|Any CPU
		{4C7CCF2B-A3AF-4035-88FA-2E449321BC81}.UnicodeDebug|Any CPU.Build.0 = Debug|Any CPU
		{4C7CCF2B-A3AF-4035-88FA-2E449321BC81}.UnicodeDebug|Mixed Platforms.ActiveCfg = Debug|Any CPU
		{4C7CCF2B-A3AF-4035-88FA-2E449321BC81}.UnicodeDebug|Mixed Platforms.Build.0 = Debug|Any CPU
		{4C7CCF2B-A3AF-4035-88FA-2E449321BC81}.UnicodeDebug|Win32.ActiveCfg = Debug|Any CPU
		{4C7CCF2B-A3AF-4035-88FA-2E449321BC81}.UnicodeFullDebug|Any CPU.ActiveCfg = Debug|Any CPU
		{4C7CCF2B-A3AF-4035-88FA-2E449321BC81}.UnicodeFullDebug|Any CPU.Build.0 = Debug|Any CPU
		{4C7CCF2B-A3AF-4035-88FA-2E449321BC81}.UnicodeFullDebug|Mixed Platforms.ActiveCfg = Debug|Any CPU
		{4C7CCF2B-A3AF-4035-88FA-2E449321BC81}.UnicodeFullDebug|Mixed Platforms.Build.0 = Debug|Any CPU
		{4C7CCF2B-A3AF-4035-88FA-2E449321BC81}.UnicodeFullDebug|Win32.ActiveCfg = Debug|Any CPU
		{4C7CCF2B-A3AF-4035-88FA-2E449321BC81}.UnicodeRelease|Any CPU.ActiveCfg = Release|Any CPU
		{4C7CCF2B-A3AF-4035-88FA-2E449321BC81}.UnicodeRelease|Any CPU.Build.0 = Release|Any CPU
		{4C7CCF2B-A3AF-4035-88FA-2E449321BC81}.UnicodeRelease|Mixed Platforms.ActiveCfg = Release|Any CPU
		{4C7CCF2B-A3AF-4035-88FA-2E449321BC81}.UnicodeRelease|Mixed Platforms.Build.0 = Release|Any CPU
		{4C7CCF2B-A3AF-4035-88FA-2E449321BC81}.UnicodeRelease|Win32.ActiveCfg = Release|Any CPU
		{5284E3B4-0930-4164-8351-6CEC3CF1183D}.Debug|Any CPU.ActiveCfg = Debug|Any CPU
		{5284E3B4-0930-4164-8351-6CEC3CF1183D}.Debug|Any CPU.Build.0 = Debug|Any CPU
		{5284E3B4-0930-4164-8351-6CEC3CF1183D}.Debug|Mixed Platforms.ActiveCfg = Debug|Any CPU
		{5284E3B4-0930-4164-8351-6CEC3CF1183D}.Debug|Mixed Platforms.Build.0 = Debug|Any CPU
		{5284E3B4-0930-4164-8351-6CEC3CF1183D}.Debug|Win32.ActiveCfg = Debug|Any CPU
		{5284E3B4-0930-4164-8351-6CEC3CF1183D}.FullDebug|Any CPU.ActiveCfg = Debug|Any CPU
		{5284E3B4-0930-4164-8351-6CEC3CF1183D}.FullDebug|Any CPU.Build.0 = Debug|Any CPU
		{5284E3B4-0930-4164-8351-6CEC3CF1183D}.FullDebug|Mixed Platforms.ActiveCfg = Debug|Any CPU
		{5284E3B4-0930-4164-8351-6CEC3CF1183D}.FullDebug|Mixed Platforms.Build.0 = Debug|Any CPU
		{5284E3B4-0930-4164-8351-6CEC3CF1183D}.FullDebug|Win32.ActiveCfg = Debug|Any CPU
		{5284E3B4-0930-4164-8351-6CEC3CF1183D}.Release|Any CPU.ActiveCfg = Release|Any CPU
		{5284E3B4-0930-4164-8351-6CEC3CF1183D}.Release|Any CPU.Build.0 = Release|Any CPU
		{5284E3B4-0930-4164-8351-6CEC3CF1183D}.Release|Mixed Platforms.ActiveCfg = Release|Any CPU
		{5284E3B4-0930-4164-8351-6CEC3CF1183D}.Release|Mixed Platforms.Build.0 = Release|Any CPU
		{5284E3B4-0930-4164-8351-6CEC3CF1183D}.Release|Win32.ActiveCfg = Release|Any CPU
		{5284E3B4-0930-4164-8351-6CEC3CF1183D}.UnicodeDebug|Any CPU.ActiveCfg = Debug|Any CPU
		{5284E3B4-0930-4164-8351-6CEC3CF1183D}.UnicodeDebug|Any CPU.Build.0 = Debug|Any CPU
		{5284E3B4-0930-4164-8351-6CEC3CF1183D}.UnicodeDebug|Mixed Platforms.ActiveCfg = Debug|Any CPU
		{5284E3B4-0930-4164-8351-6CEC3CF1183D}.UnicodeDebug|Mixed Platforms.Build.0 = Debug|Any CPU
		{5284E3B4-0930-4164-8351-6CEC3CF1183D}.UnicodeDebug|Win32.ActiveCfg = Debug|Any CPU
		{5284E3B4-0930-4164-8351-6CEC3CF1183D}.UnicodeFullDebug|Any CPU.ActiveCfg = Debug|Any CPU
		{5284E3B4-0930-4164-8351-6CEC3CF1183D}.UnicodeFullDebug|Any CPU.Build.0 = Debug|Any CPU
		{5284E3B4-0930-4164-8351-6CEC3CF1183D}.UnicodeFullDebug|Mixed Platforms.ActiveCfg = Debug|Any CPU
		{5284E3B4-0930-4164-8351-6CEC3CF1183D}.UnicodeFullDebug|Mixed Platforms.Build.0 = Debug|Any CPU
		{5284E3B4-0930-4164-8351-6CEC3CF1183D}.UnicodeFullDebug|Win32.ActiveCfg = Debug|Any CPU
		{5284E3B4-0930-4164-8351-6CEC3CF1183D}.UnicodeRelease|Any CPU.ActiveCfg = Release|Any CPU
		{5284E3B4-0930-4164-8351-6CEC3CF1183D}.UnicodeRelease|Any CPU.Build.0 = Release|Any CPU
		{5284E3B4-0930-4164-8351-6CEC3CF1183D}.UnicodeRelease|Mixed Platforms.ActiveCfg = Release|Any CPU
		{5284E3B4-0930-4164-8351-6CEC3CF1183D}.UnicodeRelease|Mixed Platforms.Build.0 = Release|Any CPU
		{5284E3B4-0930-4164-8351-6CEC3CF1183D}.UnicodeRelease|Win32.ActiveCfg = Release|Any CPU
		{1524C660-78B2-4D18-956A-6365123FB8C2}.Debug|Any CPU.ActiveCfg = Debug|Win32
		{1524C660-78B2-4D18-956A-6365123FB8C2}.Debug|Mixed Platforms.ActiveCfg = Debug|Win32
		{1524C660-78B2-4D18-956A-6365123FB8C2}.Debug|Mixed Platforms.Build.0 = Debug|Win32
		{1524C660-78B2-4D18-956A-6365123FB8C2}.Debug|Win32.ActiveCfg = Debug|Win32
		{1524C660-78B2-4D18-956A-6365123FB8C2}.Debug|Win32.Build.0 = Debug|Win32
		{1524C660-78B2-4D18-956A-6365123FB8C2}.FullDebug|Any CPU.ActiveCfg = FullDebug|Win32
		{1524C660-78B2-4D18-956A-6365123FB8C2}.FullDebug|Mixed Platforms.ActiveCfg = FullDebug|Win32
		{1524C660-78B2-4D18-956A-6365123FB8C2}.FullDebug|Mixed Platforms.Build.0 = FullDebug|Win32
		{1524C660-78B2-4D18-956A-6365123FB8C2}.FullDebug|Win32.ActiveCfg = FullDebug|Win32
		{1524C660-78B2-4D18-956A-6365123FB8C2}.FullDebug|Win32.Build.0 = FullDebug|Win32
		{1524C660-78B2-4D18-956A-6365123FB8C2}.Release|Any CPU.ActiveCfg = Release|Win32
		{1524C660-78B2-4D18-956A-6365123FB8C2}.Release|Mixed Platforms.ActiveCfg = Release|Win32
		{1524C660-78B2-4D18-956A-6365123FB8C2}.Release|Mixed Platforms.Build.0 = Release|Win32
		{1524C660-78B2-4D18-956A-6365123FB8C2}.Release|Win32.ActiveCfg = Release|Win32
		{1524C660-78B2-4D18-956A-6365123FB8C2}.Release|Win32.Build.0 = Release|Win32
		{1524C660-78B2-4D18-956A-6365123FB8C2}.UnicodeDebug|Any CPU.ActiveCfg = UnicodeDebug|Win32
		{1524C660-78B2-4D18-956A-6365123FB8C2}.UnicodeDebug|Mixed Platforms.ActiveCfg = UnicodeDebug|Win32
		{1524C660-78B2-4D18-956A-6365123FB8C2}.UnicodeDebug|Mixed Platforms.Build.0 = UnicodeDebug|Win32
		{1524C660-78B2-4D18-956A-6365123FB8C2}.UnicodeDebug|Win32.ActiveCfg = UnicodeDebug|Win32
		{1524C660-78B2-4D18-956A-6365123FB8C2}.UnicodeDebug|Win32.Build.0 = UnicodeDebug|Win32
		{1524C660-78B2-4D18-956A-6365123FB8C2}.UnicodeFullDebug|Any CPU.ActiveCfg = UnicodeFullDebug|Win32
		{1524C660-78B2-4D18-956A-6365123FB8C2}.UnicodeFullDebug|Mixed Platforms.ActiveCfg = UnicodeFullDebug|Win32
		{1524C660-78B2-4D18-956A-6365123FB8C2}.UnicodeFullDebug|Mixed Platforms.Build.0 = UnicodeFullDebug|Win32
		{1524C660-78B2-4D18-956A-6365123FB8C2}.UnicodeFullDebug|Win32.ActiveCfg = UnicodeFullDebug|Win32
		{1524C660-78B2-4D18-956A-6365123FB8C2}.UnicodeFullDebug|Win32.Build.0 = UnicodeFullDebug|Win32
		{1524C660-78B2-4D18-956A-6365123FB8C2}.UnicodeRelease|Any CPU.ActiveCfg = UnicodeRelease|Win32
		{1524C660-78B2-4D18-956A-6365123FB8C2}.UnicodeRelease|Mixed Platforms.ActiveCfg = UnicodeRelease|Win32
		{1524C660-78B2-4D18-956A-6365123FB8C2}.UnicodeRelease|Mixed Platforms.Build.0 = UnicodeRelease|Win32
		{1524C660-78B2-4D18-956A-6365123FB8C2}.UnicodeRelease|Win32.ActiveCfg = UnicodeRelease|Win32
		{1524C660-78B2-4D18-956A-6365123FB8C2}.UnicodeRelease|Win32.Build.0 = UnicodeRelease|Win32
		{C587BA8B-2DEF-4168-AD6F-417226FEAC43}.Debug|Any CPU.ActiveCfg = Debug|Win32
		{C587BA8B-2DEF-4168-AD6F-417226FEAC43}.Debug|Mixed Platforms.ActiveCfg = Debug|Win32
		{C587BA8B-2DEF-4168-AD6F-417226FEAC43}.Debug|Mixed Platforms.Build.0 = Debug|Win32
		{C587BA8B-2DEF-4168-AD6F-417226FEAC43}.Debug|Win32.ActiveCfg = Debug|Win32
		{C587BA8B-2DEF-4168-AD6F-417226FEAC43}.Debug|Win32.Build.0 = Debug|Win32
		{C587BA8B-2DEF-4168-AD6F-417226FEAC43}.FullDebug|Any CPU.ActiveCfg = FullDebug|Win32
		{C587BA8B-2DEF-4168-AD6F-417226FEAC43}.FullDebug|Mixed Platforms.ActiveCfg = FullDebug|Win32
		{C587BA8B-2DEF-4168-AD6F-417226FEAC43}.FullDebug|Mixed Platforms.Build.0 = FullDebug|Win32
		{C587BA8B-2DEF-4168-AD6F-417226FEAC43}.FullDebug|Win32.ActiveCfg = FullDebug|Win32
		{C587BA8B-2DEF-4168-AD6F-417226FEAC43}.FullDebug|Win32.Build.0 = FullDebug|Win32
		{C587BA8B-2DEF-4168-AD6F-417226FEAC43}.Release|Any CPU.ActiveCfg = Release|Win32
		{C587BA8B-2DEF-4168-AD6F-417226FEAC43}.Release|Mixed Platforms.ActiveCfg = Release|Win32
		{C587BA8B-2DEF-4168-AD6F-417226FEAC43}.Release|Mixed Platforms.Build.0 = Release|Win32
		{C587BA8B-2DEF-4168-AD6F-417226FEAC43}.Release|Win32.ActiveCfg = Release|Win32
		{C587BA8B-2DEF-4168-AD6F-417226FEAC43}.Release|Win32.Build.0 = Release|Win32
		{C587BA8B-2DEF-4168-AD6F-417226FEAC43}.UnicodeDebug|Any CPU.ActiveCfg = UnicodeDebug|Win32
		{C587BA8B-2DEF-4168-AD6F-417226FEAC43}.UnicodeDebug|Mixed Platforms.ActiveCfg = UnicodeDebug|Win32
		{C587BA8B-2DEF-4168-AD6F-417226FEAC43}.UnicodeDebug|Mixed Platforms.Build.0 = UnicodeDebug|Win32
		{C587BA8B-2DEF-4168-AD6F-417226FEAC43}.UnicodeDebug|Win32.ActiveCfg = UnicodeDebug|Win32
		{C587BA8B-2DEF-4168-AD6F-417226FEAC43}.UnicodeDebug|Win32.Build.0 = UnicodeDebug|Win32
		{C587BA8B-2DEF-4168-AD6F-417226FEAC43}.UnicodeFullDebug|Any CPU.ActiveCfg = UnicodeFullDebug|Win32
		{C587BA8B-2DEF-4168-AD6F-417226FEAC43}.UnicodeFullDebug|Mixed Platforms.ActiveCfg = UnicodeFullDebug|Win32
		{C587BA8B-2DEF-4168-AD6F-417226FEAC43}.UnicodeFullDebug|Mixed Platforms.Build.0 = UnicodeFullDebug|Win32
		{C587BA8B-2DEF-4168-AD6F-417226FEAC43}.UnicodeFullDebug|Win32.ActiveCfg = UnicodeFullDebug|Win32
		{C587BA8B-2DEF-4168-AD6F-417226FEAC43}.UnicodeFullDebug|Win32.Build.0 = UnicodeFullDebug|Win32
		{C587BA8B-2DEF-4168-AD6F-417226FEAC43}.UnicodeRelease|Any CPU.ActiveCfg = UnicodeRelease|Win32
		{C587BA8B-2DEF-4168-AD6F-417226FEAC43}.UnicodeRelease|Mixed Platforms.ActiveCfg = UnicodeRelease|Win32
		{C587BA8B-2DEF-4168-AD6F-417226FEAC43}.UnicodeRelease|Mixed Platforms.Build.0 = UnicodeRelease|Win32
		{C587BA8B-2DEF-4168-AD6F-417226FEAC43}.UnicodeRelease|Win32.ActiveCfg = UnicodeRelease|Win32
		{C587BA8B-2DEF-4168-AD6F-417226FEAC43}.UnicodeRelease|Win32.Build.0 = UnicodeRelease|Win32
		{21189BD8-BF25-420D-86F1-65956FBD6DBC}.Debug|Any CPU.ActiveCfg = Debug|Win32
		{21189BD8-BF25-420D-86F1-65956FBD6DBC}.Debug|Mixed Platforms.ActiveCfg = Debug|Win32
		{21189BD8-BF25-420D-86F1-65956FBD6DBC}.Debug|Mixed Platforms.Build.0 = Debug|Win32
		{21189BD8-BF25-420D-86F1-65956FBD6DBC}.Debug|Win32.ActiveCfg = Debug|Win32
		{21189BD8-BF25-420D-86F1-65956FBD6DBC}.Debug|Win32.Build.0 = Debug|Win32
		{21189BD8-BF25-420D-86F1-65956FBD6DBC}.FullDebug|Any CPU.ActiveCfg = FullDebug|Win32
		{21189BD8-BF25-420D-86F1-65956FBD6DBC}.FullDebug|Mixed Platforms.ActiveCfg = FullDebug|Win32
		{21189BD8-BF25-420D-86F1-65956FBD6DBC}.FullDebug|Mixed Platforms.Build.0 = FullDebug|Win32
		{21189BD8-BF25-420D-86F1-65956FBD6DBC}.FullDebug|Win32.ActiveCfg = FullDebug|Win32
		{21189BD8-BF25-420D-86F1-65956FBD6DBC}.FullDebug|Win32.Build.0 = FullDebug|Win32
		{21189BD8-BF25-420D-86F1-65956FBD6DBC}.Release|Any CPU.ActiveCfg = Release|Win32
		{21189BD8-BF25-420D-86F1-65956FBD6DBC}.Release|Mixed Platforms.ActiveCfg = Release|Win32
		{21189BD8-BF25-420D-86F1-65956FBD6DBC}.Release|Mixed Platforms.Build.0 = Release|Win32
		{21189BD8-BF25-420D-86F1-65956FBD6DBC}.Release|Win32.ActiveCfg = Release|Win32
		{21189BD8-BF25-420D-86F1-65956FBD6DBC}.Release|Win32.Build.0 = Release|Win32
		{21189BD8-BF25-420D-86F1-65956FBD6DBC}.UnicodeDebug|Any CPU.ActiveCfg = UnicodeDebug|Win32
		{21189BD8-BF25-420D-86F1-65956FBD6DBC}.UnicodeDebug|Mixed Platforms.ActiveCfg = UnicodeDebug|Win32
		{21189BD8-BF25-420D-86F1-65956FBD6DBC}.UnicodeDebug|Mixed Platforms.Build.0 = UnicodeDebug|Win32
		{21189BD8-BF25-420D-86F1-65956FBD6DBC}.UnicodeDebug|Win32.ActiveCfg = UnicodeDebug|Win32
		{21189BD8-BF25-420D-86F1-65956FBD6DBC}.UnicodeDebug|Win32.Build.0 = UnicodeDebug|Win32
		{21189BD8-BF25-420D-86F1-65956FBD6DBC}.UnicodeFullDebug|Any CPU.ActiveCfg = UnicodeFullDebug|Win32
		{21189BD8-BF25-420D-86F1-65956FBD6DBC}.UnicodeFullDebug|Mixed Platforms.ActiveCfg = UnicodeFullDebug|Win32
		{21189BD8-BF25-420D-86F1-65956FBD6DBC}.UnicodeFullDebug|Mixed Platforms.Build.0 = UnicodeFullDebug|Win32
		{21189BD8-BF25-420D-86F1-65956FBD6DBC}.UnicodeFullDebug|Win32.ActiveCfg = UnicodeFullDebug|Win32
		{21189BD8-BF25-420D-86F1-65956FBD6DBC}.UnicodeFullDebug|Win32.Build.0 = UnicodeFullDebug|Win32
		{21189BD8-BF25-420D-86F1-65956FBD6DBC}.UnicodeRelease|Any CPU.ActiveCfg = UnicodeRelease|Win32
		{21189BD8-BF25-420D-86F1-65956FBD6DBC}.UnicodeRelease|Mixed Platforms.ActiveCfg = UnicodeRelease|Win32
		{21189BD8-BF25-420D-86F1-65956FBD6DBC}.UnicodeRelease|Mixed Platforms.Build.0 = UnicodeRelease|Win32
		{21189BD8-BF25-420D-86F1-65956FBD6DBC}.UnicodeRelease|Win32.ActiveCfg = UnicodeRelease|Win32
		{21189BD8-BF25-420D-86F1-65956FBD6DBC}.UnicodeRelease|Win32.Build.0 = UnicodeRelease|Win32
		{6BF38E9C-A5FD-4EB5-BF84-0CD932C8EF4E}.Debug|Any CPU.ActiveCfg = Debug|Win32
		{6BF38E9C-A5FD-4EB5-BF84-0CD932C8EF4E}.Debug|Mixed Platforms.ActiveCfg = Debug|Win32
		{6BF38E9C-A5FD-4EB5-BF84-0CD932C8EF4E}.Debug|Mixed Platforms.Build.0 = Debug|Win32
		{6BF38E9C-A5FD-4EB5-BF84-0CD932C8EF4E}.Debug|Win32.ActiveCfg = Debug|Win32
		{6BF38E9C-A5FD-4EB5-BF84-0CD932C8EF4E}.Debug|Win32.Build.0 = Debug|Win32
		{6BF38E9C-A5FD-4EB5-BF84-0CD932C8EF4E}.FullDebug|Any CPU.ActiveCfg = FullDebug|Win32
		{6BF38E9C-A5FD-4EB5-BF84-0CD932C8EF4E}.FullDebug|Mixed Platforms.ActiveCfg = FullDebug|Win32
		{6BF38E9C-A5FD-4EB5-BF84-0CD932C8EF4E}.FullDebug|Mixed Platforms.Build.0 = FullDebug|Win32
		{6BF38E9C-A5FD-4EB5-BF84-0CD932C8EF4E}.FullDebug|Win32.ActiveCfg = FullDebug|Win32
		{6BF38E9C-A5FD-4EB5-BF84-0CD932C8EF4E}.FullDebug|Win32.Build.0 = FullDebug|Win32
		{6BF38E9C-A5FD-4EB5-BF84-0CD932C8EF4E}.Release|Any CPU.ActiveCfg = Release|Win32
		{6BF38E9C-A5FD-4EB5-BF84-0CD932C8EF4E}.Release|Mixed Platforms.ActiveCfg = Release|Win32
		{6BF38E9C-A5FD-4EB5-BF84-0CD932C8EF4E}.Release|Mixed Platforms.Build.0 = Release|Win32
		{6BF38E9C-A5FD-4EB5-BF84-0CD932C8EF4E}.Release|Win32.ActiveCfg = Release|Win32
		{6BF38E9C-A5FD-4EB5-BF84-0CD932C8EF4E}.Release|Win32.Build.0 = Release|Win32
		{6BF38E9C-A5FD-4EB5-BF84-0CD932C8EF4E}.UnicodeDebug|Any CPU.ActiveCfg = UnicodeDebug|Win32
		{6BF38E9C-A5FD-4EB5-BF84-0CD932C8EF4E}.UnicodeDebug|Mixed Platforms.ActiveCfg = UnicodeDebug|Win32
		{6BF38E9C-A5FD-4EB5-BF84-0CD932C8EF4E}.UnicodeDebug|Mixed Platforms.Build.0 = UnicodeDebug|Win32
		{6BF38E9C-A5FD-4EB5-BF84-0CD932C8EF4E}.UnicodeDebug|Win32.ActiveCfg = UnicodeDebug|Win32
		{6BF38E9C-A5FD-4EB5-BF84-0CD932C8EF4E}.UnicodeDebug|Win32.Build.0 = UnicodeDebug|Win32
		{6BF38E9C-A5FD-4EB5-BF84-0CD932C8EF4E}.UnicodeFullDebug|Any CPU.ActiveCfg = UnicodeFullDebug|Win32
		{6BF38E9C-A5FD-4EB5-BF84-0CD932C8EF4E}.UnicodeFullDebug|Mixed Platforms.ActiveCfg = UnicodeFullDebug|Win32
		{6BF38E9C-A5FD-4EB5-BF84-0CD932C8EF4E}.UnicodeFullDebug|Mixed Platforms.Build.0 = UnicodeFullDebug|Win32
		{6BF38E9C-A5FD-4EB5-BF84-0CD932C8EF4E}.UnicodeFullDebug|Win32.ActiveCfg = UnicodeFullDebug|Win32
		{6BF38E9C-A5FD-4EB5-BF84-0CD932C8EF4E}.UnicodeFullDebug|Win32.Build.0 = UnicodeFullDebug|Win32
		{6BF38E9C-A5FD-4EB5-BF84-0CD932C8EF4E}.UnicodeRelease|Any CPU.ActiveCfg = UnicodeRelease|Win32
		{6BF38E9C-A5FD-4EB5-BF84-0CD932C8EF4E}.UnicodeRelease|Mixed Platforms.ActiveCfg = UnicodeRelease|Win32
		{6BF38E9C-A5FD-4EB5-BF84-0CD932C8EF4E}.UnicodeRelease|Mixed Platforms.Build.0 = UnicodeRelease|Win32
		{6BF38E9C-A5FD-4EB5-BF84-0CD932C8EF4E}.UnicodeRelease|Win32.ActiveCfg = UnicodeRelease|Win32
		{6BF38E9C-A5FD-4EB5-BF84-0CD932C8EF4E}.UnicodeRelease|Win32.Build.0 = UnicodeRelease|Win32
		{A490DE59-4919-4BD0-A516-C23F966C2697}.Debug|Any CPU.ActiveCfg = Debug|Win32
		{A490DE59-4919-4BD0-A516-C23F966C2697}.Debug|Mixed Platforms.ActiveCfg = Debug|Win32
		{A490DE59-4919-4BD0-A516-C23F966C2697}.Debug|Mixed Platforms.Build.0 = Debug|Win32
		{A490DE59-4919-4BD0-A516-C23F966C2697}.Debug|Win32.ActiveCfg = Debug|Win32
		{A490DE59-4919-4BD0-A516-C23F966C2697}.Debug|Win32.Build.0 = Debug|Win32
		{A490DE59-4919-4BD0-A516-C23F966C2697}.FullDebug|Any CPU.ActiveCfg = FullDebug|Win32
		{A490DE59-4919-4BD0-A516-C23F966C2697}.FullDebug|Mixed Platforms.ActiveCfg = FullDebug|Win32
		{A490DE59-4919-4BD0-A516-C23F966C2697}.FullDebug|Mixed Platforms.Build.0 = FullDebug|Win32
		{A490DE59-4919-4BD0-A516-C23F966C2697}.FullDebug|Win32.ActiveCfg = FullDebug|Win32
		{A490DE59-4919-4BD0-A516-C23F966C2697}.FullDebug|Win32.Build.0 = FullDebug|Win32
		{A490DE59-4919-4BD0-A516-C23F966C2697}.Release|Any CPU.ActiveCfg = Release|Win32
		{A490DE59-4919-4BD0-A516-C23F966C2697}.Release|Mixed Platforms.ActiveCfg = Release|Win32
		{A490DE59-4919-4BD0-A516-C23F966C2697}.Release|Mixed Platforms.Build.0 = Release|Win32
		{A490DE59-4919-4BD0-A516-C23F966C2697}.Release|Win32.ActiveCfg = Release|Win32
		{A490DE59-4919-4BD0-A516-C23F966C2697}.Release|Win32.Build.0 = Release|Win32
		{A490DE59-4919-4BD0-A516-C23F966C2697}.UnicodeDebug|Any CPU.ActiveCfg = UnicodeDebug|Win32
		{A490DE59-4919-4BD0-A516-C23F966C2697}.UnicodeDebug|Mixed Platforms.ActiveCfg = UnicodeDebug|Win32
		{A490DE59-4919-4BD0-A516-C23F966C2697}.UnicodeDebug|Mixed Platforms.Build.0 = UnicodeDebug|Win32
		{A490DE59-4919-4BD0-A516-C23F966C2697}.UnicodeDebug|Win32.ActiveCfg = UnicodeDebug|Win32
		{A490DE59-4919-4BD0-A516-C23F966C2697}.UnicodeDebug|Win32.Build.0 = UnicodeDebug|Win32
		{A490DE59-4919-4BD0-A516-C23F966C2697}.UnicodeFullDebug|Any CPU.ActiveCfg = UnicodeFullDebug|Win32
		{A490DE59-4919-4BD0-A516-C23F966C2697}.UnicodeFullDebug|Mixed Platforms.ActiveCfg = UnicodeFullDebug|Win32
		{A490DE59-4919-4BD0-A516-C23F966C2697}.UnicodeFullDebug|Mixed Platforms.Build.0 = UnicodeFullDebug|Win32
		{A490DE59-4919-4BD0-A516-C23F966C2697}.UnicodeFullDebug|Win32.ActiveCfg = UnicodeFullDebug|Win32
		{A490DE59-4919-4BD0-A516-C23F966C2697}.UnicodeFullDebug|Win32.Build.0 = UnicodeFullDebug|Win32
		{A490DE59-4919-4BD0-A516-C23F966C2697}.UnicodeRelease|Any CPU.ActiveCfg = UnicodeRelease|Win32
		{A490DE59-4919-4BD0-A516-C23F966C2697}.UnicodeRelease|Mixed Platforms.ActiveCfg = UnicodeRelease|Win32
		{A490DE59-4919-4BD0-A516-C23F966C2697}.UnicodeRelease|Mixed Platforms.Build.0 = UnicodeRelease|Win32
		{A490DE59-4919-4BD0-A516-C23F966C2697}.UnicodeRelease|Win32.ActiveCfg = UnicodeRelease|Win32
		{A490DE59-4919-4BD0-A516-C23F966C2697}.UnicodeRelease|Win32.Build.0 = UnicodeRelease|Win32
		{E2629DFD-5DC7-4E5C-8665-82CA0DAB2B95}.Debug|Any CPU.ActiveCfg = Debug|Win32
		{E2629DFD-5DC7-4E5C-8665-82CA0DAB2B95}.Debug|Mixed Platforms.ActiveCfg = Debug|Win32
		{E2629DFD-5DC7-4E5C-8665-82CA0DAB2B95}.Debug|Mixed Platforms.Build.0 = Debug|Win32
		{E2629DFD-5DC7-4E5C-8665-82CA0DAB2B95}.Debug|Win32.ActiveCfg = Debug|Win32
		{E2629DFD-5DC7-4E5C-8665-82CA0DAB2B95}.Debug|Win32.Build.0 = Debug|Win32
		{E2629DFD-5DC7-4E5C-8665-82CA0DAB2B95}.FullDebug|Any CPU.ActiveCfg = FullDebug|Win32
		{E2629DFD-5DC7-4E5C-8665-82CA0DAB2B95}.FullDebug|Mixed Platforms.ActiveCfg = FullDebug|Win32
		{E2629DFD-5DC7-4E5C-8665-82CA0DAB2B95}.FullDebug|Mixed Platforms.Build.0 = FullDebug|Win32
		{E2629DFD-5DC7-4E5C-8665-82CA0DAB2B95}.FullDebug|Win32.ActiveCfg = FullDebug|Win32
		{E2629DFD-5DC7-4E5C-8665-82CA0DAB2B95}.FullDebug|Win32.Build.0 = FullDebug|Win32
		{E2629DFD-5DC7-4E5C-8665-82CA0DAB2B95}.Release|Any CPU.ActiveCfg = Release|Win32
		{E2629DFD-5DC7-4E5C-8665-82CA0DAB2B95}.Release|Mixed Platforms.ActiveCfg = Release|Win32
		{E2629DFD-5DC7-4E5C-8665-82CA0DAB2B95}.Release|Mixed Platforms.Build.0 = Release|Win32
		{E2629DFD-5DC7-4E5C-8665-82CA0DAB2B95}.Release|Win32.ActiveCfg = Release|Win32
		{E2629DFD-5DC7-4E5C-8665-82CA0DAB2B95}.Release|Win32.Build.0 = Release|Win32
		{E2629DFD-5DC7-4E5C-8665-82CA0DAB2B95}.UnicodeDebug|Any CPU.ActiveCfg = UnicodeDebug|Win32
		{E2629DFD-5DC7-4E5C-8665-82CA0DAB2B95}.UnicodeDebug|Mixed Platforms.ActiveCfg = UnicodeDebug|Win32
		{E2629DFD-5DC7-4E5C-8665-82CA0DAB2B95}.UnicodeDebug|Mixed Platforms.Build.0 = UnicodeDebug|Win32
		{E2629DFD-5DC7-4E5C-8665-82CA0DAB2B95}.UnicodeDebug|Win32.ActiveCfg = UnicodeDebug|Win32
		{E2629DFD-5DC7-4E5C-8665-82CA0DAB2B95}.UnicodeDebug|Win32.Build.0 = UnicodeDebug|Win32
		{E2629DFD-5DC7-4E5C-8665-82CA0DAB2B95}.UnicodeFullDebug|Any CPU.ActiveCfg = UnicodeFullDebug|Win32
		{E2629DFD-5DC7-4E5C-8665-82CA0DAB2B95}.UnicodeFullDebug|Mixed Platforms.ActiveCfg = UnicodeFullDebug|Win32
		{E2629DFD-5DC7-4E5C-8665-82CA0DAB2B95}.UnicodeFullDebug|Mixed Platforms.Build.0 = UnicodeFullDebug|Win32
		{E2629DFD-5DC7-4E5C-8665-82CA0DAB2B95}.UnicodeFullDebug|Win32.ActiveCfg = UnicodeFullDebug|Win32
		{E2629DFD-5DC7-4E5C-8665-82CA0DAB2B95}.UnicodeFullDebug|Win32.Build.0 = UnicodeFullDebug|Win32
		{E2629DFD-5DC7-4E5C-8665-82CA0DAB2B95}.UnicodeRelease|Any CPU.ActiveCfg = UnicodeRelease|Win32
		{E2629DFD-5DC7-4E5C-8665-82CA0DAB2B95}.UnicodeRelease|Mixed Platforms.ActiveCfg = UnicodeRelease|Win32
		{E2629DFD-5DC7-4E5C-8665-82CA0DAB2B95}.UnicodeRelease|Mixed Platforms.Build.0 = UnicodeRelease|Win32
		{E2629DFD-5DC7-4E5C-8665-82CA0DAB2B95}.UnicodeRelease|Win32.ActiveCfg = UnicodeRelease|Win32
		{E2629DFD-5DC7-4E5C-8665-82CA0DAB2B95}.UnicodeRelease|Win32.Build.0 = UnicodeRelease|Win32
		{AE147945-247D-4B51-A9FF-5DC3B6B0BAB6}.Debug|Any CPU.ActiveCfg = Debug|Win32
		{AE147945-247D-4B51-A9FF-5DC3B6B0BAB6}.Debug|Mixed Platforms.ActiveCfg = Debug|Win32
		{AE147945-247D-4B51-A9FF-5DC3B6B0BAB6}.Debug|Mixed Platforms.Build.0 = Debug|Win32
		{AE147945-247D-4B51-A9FF-5DC3B6B0BAB6}.Debug|Win32.ActiveCfg = Debug|Win32
		{AE147945-247D-4B51-A9FF-5DC3B6B0BAB6}.Debug|Win32.Build.0 = Debug|Win32
		{AE147945-247D-4B51-A9FF-5DC3B6B0BAB6}.FullDebug|Any CPU.ActiveCfg = FullDebug|Win32
		{AE147945-247D-4B51-A9FF-5DC3B6B0BAB6}.FullDebug|Mixed Platforms.ActiveCfg = FullDebug|Win32
		{AE147945-247D-4B51-A9FF-5DC3B6B0BAB6}.FullDebug|Mixed Platforms.Build.0 = FullDebug|Win32
		{AE147945-247D-4B51-A9FF-5DC3B6B0BAB6}.FullDebug|Win32.ActiveCfg = FullDebug|Win32
		{AE147945-247D-4B51-A9FF-5DC3B6B0BAB6}.FullDebug|Win32.Build.0 = FullDebug|Win32
		{AE147945-247D-4B51-A9FF-5DC3B6B0BAB6}.Release|Any CPU.ActiveCfg = Release|Win32
		{AE147945-247D-4B51-A9FF-5DC3B6B0BAB6}.Release|Mixed Platforms.ActiveCfg = Release|Win32
		{AE147945-247D-4B51-A9FF-5DC3B6B0BAB6}.Release|Mixed Platforms.Build.0 = Release|Win32
		{AE147945-247D-4B51-A9FF-5DC3B6B0BAB6}.Release|Win32.ActiveCfg = Release|Win32
		{AE147945-247D-4B51-A9FF-5DC3B6B0BAB6}.Release|Win32.Build.0 = Release|Win32
		{AE147945-247D-4B51-A9FF-5DC3B6B0BAB6}.UnicodeDebug|Any CPU.ActiveCfg = UnicodeDebug|Win32
		{AE147945-247D-4B51-A9FF-5DC3B6B0BAB6}.UnicodeDebug|Mixed Platforms.ActiveCfg = UnicodeDebug|Win32
		{AE147945-247D-4B51-A9FF-5DC3B6B0BAB6}.UnicodeDebug|Mixed Platforms.Build.0 = UnicodeDebug|Win32
		{AE147945-247D-4B51-A9FF-5DC3B6B0BAB6}.UnicodeDebug|Win32.ActiveCfg = UnicodeDebug|Win32
		{AE147945-247D-4B51-A9FF-5DC3B6B0BAB6}.UnicodeDebug|Win32.Build.0 = UnicodeDebug|Win32
		{AE147945-247D-4B51-A9FF-5DC3B6B0BAB6}.UnicodeFullDebug|Any CPU.ActiveCfg = UnicodeFullDebug|Win32
		{AE147945-247D-4B51-A9FF-5DC3B6B0BAB6}.UnicodeFullDebug|Mixed Platforms.ActiveCfg = UnicodeFullDebug|Win32
		{AE147945-247D-4B51-A9FF-5DC3B6B0BAB6}.UnicodeFullDebug|Mixed Platforms.Build.0 = UnicodeFullDebug|Win32
		{AE147945-247D-4B51-A9FF-5DC3B6B0BAB6}.UnicodeFullDebug|Win32.ActiveCfg = UnicodeFullDebug|Win32
		{AE147945-247D-4B51-A9FF-5DC3B6B0BAB6}.UnicodeFullDebug|Win32.Build.0 = UnicodeFullDebug|Win32
		{AE147945-247D-4B51-A9FF-5DC3B6B0BAB6}.UnicodeRelease|Any CPU.ActiveCfg = UnicodeRelease|Win32
		{AE147945-247D-4B51-A9FF-5DC3B6B0BAB6}.UnicodeRelease|Mixed Platforms.ActiveCfg = UnicodeRelease|Win32
		{AE147945-247D-4B51-A9FF-5DC3B6B0BAB6}.UnicodeRelease|Mixed Platforms.Build.0 = UnicodeRelease|Win32
		{AE147945-247D-4B51-A9FF-5DC3B6B0BAB6}.UnicodeRelease|Win32.ActiveCfg = UnicodeRelease|Win32
		{AE147945-247D-4B51-A9FF-5DC3B6B0BAB6}.UnicodeRelease|Win32.Build.0 = UnicodeRelease|Win32
		{4389996F-ADD5-4868-9A1F-EFB5D0AAE360}.Debug|Any CPU.ActiveCfg = Debug|Win32
		{4389996F-ADD5-4868-9A1F-EFB5D0AAE360}.Debug|Mixed Platforms.ActiveCfg = Debug|Win32
		{4389996F-ADD5-4868-9A1F-EFB5D0AAE360}.Debug|Mixed Platforms.Build.0 = Debug|Win32
		{4389996F-ADD5-4868-9A1F-EFB5D0AAE360}.Debug|Win32.ActiveCfg = Debug|Win32
		{4389996F-ADD5-4868-9A1F-EFB5D0AAE360}.Debug|Win32.Build.0 = Debug|Win32
		{4389996F-ADD5-4868-9A1F-EFB5D0AAE360}.FullDebug|Any CPU.ActiveCfg = FullDebug|Win32
		{4389996F-ADD5-4868-9A1F-EFB5D0AAE360}.FullDebug|Mixed Platforms.ActiveCfg = FullDebug|Win32
		{4389996F-ADD5-4868-9A1F-EFB5D0AAE360}.FullDebug|Mixed Platforms.Build.0 = FullDebug|Win32
		{4389996F-ADD5-4868-9A1F-EFB5D0AAE360}.FullDebug|Win32.ActiveCfg = FullDebug|Win32
		{4389996F-ADD5-4868-9A1F-EFB5D0AAE360}.FullDebug|Win32.Build.0 = FullDebug|Win32
		{4389996F-ADD5-4868-9A1F-EFB5D0AAE360}.Release|Any CPU.ActiveCfg = Release|Win32
		{4389996F-ADD5-4868-9A1F-EFB5D0AAE360}.Release|Mixed Platforms.ActiveCfg = Release|Win32
		{4389996F-ADD5-4868-9A1F-EFB5D0AAE360}.Release|Mixed Platforms.Build.0 = Release|Win32
		{4389996F-ADD5-4868-9A1F-EFB5D0AAE360}.Release|Win32.ActiveCfg = Release|Win32
		{4389996F-ADD5-4868-9A1F-EFB5D0AAE360}.Release|Win32.Build.0 = Release|Win32
		{4389996F-ADD5-4868-9A1F-EFB5D0AAE360}.UnicodeDebug|Any CPU.ActiveCfg = UnicodeDebug|Win32
		{4389996F-ADD5-4868-9A1F-EFB5D0AAE360}.UnicodeDebug|Mixed Platforms.ActiveCfg = UnicodeDebug|Win32
		{4389996F-ADD5-4868-9A1F-EFB5D0AAE360}.UnicodeDebug|Mixed Platforms.Build.0 = UnicodeDebug|Win32
		{4389996F-ADD5-4868-9A1F-EFB5D0AAE360}.UnicodeDebug|Win32.ActiveCfg = UnicodeDebug|Win32
		{4389996F-ADD5-4868-9A1F-EFB5D0AAE360}.UnicodeDebug|Win32.Build.0 = UnicodeDebug|Win32
		{4389996F-ADD5-4868-9A1F-EFB5D0AAE360}.UnicodeFullDebug|Any CPU.ActiveCfg = UnicodeFullDebug|Win32
		{4389996F-ADD5-4868-9A1F-EFB5D0AAE360}.UnicodeFullDebug|Mixed Platforms.ActiveCfg = UnicodeFullDebug|Win32
		{4389996F-ADD5-4868-9A1F-EFB5D0AAE360}.UnicodeFullDebug|Mixed Platforms.Build.0 = UnicodeFullDebug|Win32
		{4389996F-ADD5-4868-9A1F-EFB5D0AAE360}.UnicodeFullDebug|Win32.ActiveCfg = UnicodeFullDebug|Win32
		{4389996F-ADD5-4868-9A1F-EFB5D0AAE360}.UnicodeFullDebug|Win32.Build.0 = UnicodeFullDebug|Win32
		{4389996F-ADD5-4868-9A1F-EFB5D0AAE360}.UnicodeRelease|Any CPU.ActiveCfg = UnicodeRelease|Win32
		{4389996F-ADD5-4868-9A1F-EFB5D0AAE360}.UnicodeRelease|Mixed Platforms.ActiveCfg = UnicodeRelease|Win32
		{4389996F-ADD5-4868-9A1F-EFB5D0AAE360}.UnicodeRelease|Mixed Platforms.Build.0 = UnicodeRelease|Win32
		{4389996F-ADD5-4868-9A1F-EFB5D0AAE360}.UnicodeRelease|Win32.ActiveCfg = UnicodeRelease|Win32
		{4389996F-ADD5-4868-9A1F-EFB5D0AAE360}.UnicodeRelease|Win32.Build.0 = UnicodeRelease|Win32
		{6FF52E55-61AF-4989-A125-58FD9C458328}.Debug|Any CPU.ActiveCfg = Debug|Win32
		{6FF52E55-61AF-4989-A125-58FD9C458328}.Debug|Mixed Platforms.ActiveCfg = Debug|Win32
		{6FF52E55-61AF-4989-A125-58FD9C458328}.Debug|Mixed Platforms.Build.0 = Debug|Win32
		{6FF52E55-61AF-4989-A125-58FD9C458328}.Debug|Win32.ActiveCfg = Debug|Win32
		{6FF52E55-61AF-4989-A125-58FD9C458328}.Debug|Win32.Build.0 = Debug|Win32
		{6FF52E55-61AF-4989-A125-58FD9C458328}.FullDebug|Any CPU.ActiveCfg = FullDebug|Win32
		{6FF52E55-61AF-4989-A125-58FD9C458328}.FullDebug|Mixed Platforms.ActiveCfg = FullDebug|Win32
		{6FF52E55-61AF-4989-A125-58FD9C458328}.FullDebug|Mixed Platforms.Build.0 = FullDebug|Win32
		{6FF52E55-61AF-4989-A125-58FD9C458328}.FullDebug|Win32.ActiveCfg = FullDebug|Win32
		{6FF52E55-61AF-4989-A125-58FD9C458328}.FullDebug|Win32.Build.0 = FullDebug|Win32
		{6FF52E55-61AF-4989-A125-58FD9C458328}.Release|Any CPU.ActiveCfg = Release|Win32
		{6FF52E55-61AF-4989-A125-58FD9C458328}.Release|Mixed Platforms.ActiveCfg = Release|Win32
		{6FF52E55-61AF-4989-A125-58FD9C458328}.Release|Mixed Platforms.Build.0 = Release|Win32
		{6FF52E55-61AF-4989-A125-58FD9C458328}.Release|Win32.ActiveCfg = Release|Win32
		{6FF52E55-61AF-4989-A125-58FD9C458328}.Release|Win32.Build.0 = Release|Win32
		{6FF52E55-61AF-4989-A125-58FD9C458328}.UnicodeDebug|Any CPU.ActiveCfg = UnicodeDebug|Win32
		{6FF52E55-61AF-4989-A125-58FD9C458328}.UnicodeDebug|Mixed Platforms.ActiveCfg = UnicodeDebug|Win32
		{6FF52E55-61AF-4989-A125-58FD9C458328}.UnicodeDebug|Mixed Platforms.Build.0 = UnicodeDebug|Win32
		{6FF52E55-61AF-4989-A125-58FD9C458328}.UnicodeDebug|Win32.ActiveCfg = UnicodeDebug|Win32
		{6FF52E55-61AF-4989-A125-58FD9C458328}.UnicodeDebug|Win32.Build.0 = UnicodeDebug|Win32
		{6FF52E55-61AF-4989-A125-58FD9C458328}.UnicodeFullDebug|Any CPU.ActiveCfg = UnicodeFullDebug|Win32
		{6FF52E55-61AF-4989-A125-58FD9C458328}.UnicodeFullDebug|Mixed Platforms.ActiveCfg = UnicodeFullDebug|Win32
		{6FF52E55-61AF-4989-A125-58FD9C458328}.UnicodeFullDebug|Mixed Platforms.Build.0 = UnicodeFullDebug|Win32
		{6FF52E55-61AF-4989-A125-58FD9C458328}.UnicodeFullDebug|Win32.ActiveCfg = UnicodeFullDebug|Win32
		{6FF52E55-61AF-4989-A125-58FD9C458328}.UnicodeFullDebug|Win32.Build.0 = UnicodeFullDebug|Win32
		{6FF52E55-61AF-4989-A125-58FD9C458328}.UnicodeRelease|Any CPU.ActiveCfg = UnicodeRelease|Win32
		{6FF52E55-61AF-4989-A125-58FD9C458328}.UnicodeRelease|Mixed Platforms.ActiveCfg = UnicodeRelease|Win32
		{6FF52E55-61AF-4989-A125-58FD9C458328}.UnicodeRelease|Mixed Platforms.Build.0 = UnicodeRelease|Win32
		{6FF52E55-61AF-4989-A125-58FD9C458328}.UnicodeRelease|Win32.ActiveCfg = UnicodeRelease|Win32
		{6FF52E55-61AF-4989-A125-58FD9C458328}.UnicodeRelease|Win32.Build.0 = UnicodeRelease|Win32
		{82BD097F-4FD1-4C5F-AEB9-152AE66D2B2B}.Debug|Any CPU.ActiveCfg = Debug|Win32
		{82BD097F-4FD1-4C5F-AEB9-152AE66D2B2B}.Debug|Mixed Platforms.ActiveCfg = Debug|Win32
		{82BD097F-4FD1-4C5F-AEB9-152AE66D2B2B}.Debug|Mixed Platforms.Build.0 = Debug|Win32
		{82BD097F-4FD1-4C5F-AEB9-152AE66D2B2B}.Debug|Win32.ActiveCfg = Debug|Win32
		{82BD097F-4FD1-4C5F-AEB9-152AE66D2B2B}.Debug|Win32.Build.0 = Debug|Win32
		{82BD097F-4FD1-4C5F-AEB9-152AE66D2B2B}.FullDebug|Any CPU.ActiveCfg = FullDebug|Win32
		{82BD097F-4FD1-4C5F-AEB9-152AE66D2B2B}.FullDebug|Mixed Platforms.ActiveCfg = FullDebug|Win32
		{82BD097F-4FD1-4C5F-AEB9-152AE66D2B2B}.FullDebug|Mixed Platforms.Build.0 = FullDebug|Win32
		{82BD097F-4FD1-4C5F-AEB9-152AE66D2B2B}.FullDebug|Win32.ActiveCfg = FullDebug|Win32
		{82BD097F-4FD1-4C5F-AEB9-152AE66D2B2B}.FullDebug|Win32.Build.0 = FullDebug|Win32
		{82BD097F-4FD1-4C5F-AEB9-152AE66D2B2B}.Release|Any CPU.ActiveCfg = Release|Win32
		{82BD097F-4FD1-4C5F-AEB9-152AE66D2B2B}.Release|Mixed Platforms.ActiveCfg = Release|Win32
		{82BD097F-4FD1-4C5F-AEB9-152AE66D2B2B}.Release|Mixed Platforms.Build.0 = Release|Win32
		{82BD097F-4FD1-4C5F-AEB9-152AE66D2B2B}.Release|Win32.ActiveCfg = Release|Win32
		{82BD097F-4FD1-4C5F-AEB9-152AE66D2B2B}.Release|Win32.Build.0 = Release|Win32
		{82BD097F-4FD1-4C5F-AEB9-152AE66D2B2B}.UnicodeDebug|Any CPU.ActiveCfg = UnicodeDebug|Win32
		{82BD097F-4FD1-4C5F-AEB9-152AE66D2B2B}.UnicodeDebug|Mixed Platforms.ActiveCfg = UnicodeDebug|Win32
		{82BD097F-4FD1-4C5F-AEB9-152AE66D2B2B}.UnicodeDebug|Mixed Platforms.Build.0 = UnicodeDebug|Win32
		{82BD097F-4FD1-4C5F-AEB9-152AE66D2B2B}.UnicodeDebug|Win32.ActiveCfg = UnicodeDebug|Win32
		{82BD097F-4FD1-4C5F-AEB9-152AE66D2B2B}.UnicodeDebug|Win32.Build.0 = UnicodeDebug|Win32
		{82BD097F-4FD1-4C5F-AEB9-152AE66D2B2B}.UnicodeFullDebug|Any CPU.ActiveCfg = UnicodeFullDebug|Win32
		{82BD097F-4FD1-4C5F-AEB9-152AE66D2B2B}.UnicodeFullDebug|Mixed Platforms.ActiveCfg = UnicodeFullDebug|Win32
		{82BD097F-4FD1-4C5F-AEB9-152AE66D2B2B}.UnicodeFullDebug|Mixed Platforms.Build.0 = UnicodeFullDebug|Win32
		{82BD097F-4FD1-4C5F-AEB9-152AE66D2B2B}.UnicodeFullDebug|Win32.ActiveCfg = UnicodeFullDebug|Win32
		{82BD097F-4FD1-4C5F-AEB9-152AE66D2B2B}.UnicodeFullDebug|Win32.Build.0 = UnicodeFullDebug|Win32
		{82BD097F-4FD1-4C5F-AEB9-152AE66D2B2B}.UnicodeRelease|Any CPU.ActiveCfg = UnicodeRelease|Win32
		{82BD097F-4FD1-4C5F-AEB9-152AE66D2B2B}.UnicodeRelease|Mixed Platforms.ActiveCfg = UnicodeRelease|Win32
		{82BD097F-4FD1-4C5F-AEB9-152AE66D2B2B}.UnicodeRelease|Mixed Platforms.Build.0 = UnicodeRelease|Win32
		{82BD097F-4FD1-4C5F-AEB9-152AE66D2B2B}.UnicodeRelease|Win32.ActiveCfg = UnicodeRelease|Win32
		{82BD097F-4FD1-4C5F-AEB9-152AE66D2B2B}.UnicodeRelease|Win32.Build.0 = UnicodeRelease|Win32
		{AAEE3645-F9C5-4FC3-8657-9FCBB52B6D1E}.Debug|Any CPU.ActiveCfg = Debug|Win32
		{AAEE3645-F9C5-4FC3-8657-9FCBB52B6D1E}.Debug|Mixed Platforms.ActiveCfg = Debug|Win32
		{AAEE3645-F9C5-4FC3-8657-9FCBB52B6D1E}.Debug|Mixed Platforms.Build.0 = Debug|Win32
		{AAEE3645-F9C5-4FC3-8657-9FCBB52B6D1E}.Debug|Win32.ActiveCfg = Debug|Win32
		{AAEE3645-F9C5-4FC3-8657-9FCBB52B6D1E}.Debug|Win32.Build.0 = Debug|Win32
		{AAEE3645-F9C5-4FC3-8657-9FCBB52B6D1E}.FullDebug|Any CPU.ActiveCfg = FullDebug|Win32
		{AAEE3645-F9C5-4FC3-8657-9FCBB52B6D1E}.FullDebug|Mixed Platforms.ActiveCfg = FullDebug|Win32
		{AAEE3645-F9C5-4FC3-8657-9FCBB52B6D1E}.FullDebug|Mixed Platforms.Build.0 = FullDebug|Win32
		{AAEE3645-F9C5-4FC3-8657-9FCBB52B6D1E}.FullDebug|Win32.ActiveCfg = FullDebug|Win32
		{AAEE3645-F9C5-4FC3-8657-9FCBB52B6D1E}.FullDebug|Win32.Build.0 = FullDebug|Win32
		{AAEE3645-F9C5-4FC3-8657-9FCBB52B6D1E}.Release|Any CPU.ActiveCfg = Release|Win32
		{AAEE3645-F9C5-4FC3-8657-9FCBB52B6D1E}.Release|Mixed Platforms.ActiveCfg = Release|Win32
		{AAEE3645-F9C5-4FC3-8657-9FCBB52B6D1E}.Release|Mixed Platforms.Build.0 = Release|Win32
		{AAEE3645-F9C5-4FC3-8657-9FCBB52B6D1E}.Release|Win32.ActiveCfg = Release|Win32
		{AAEE3645-F9C5-4FC3-8657-9FCBB52B6D1E}.Release|Win32.Build.0 = Release|Win32
		{AAEE3645-F9C5-4FC3-8657-9FCBB52B6D1E}.UnicodeDebug|Any CPU.ActiveCfg = UnicodeDebug|Win32
		{AAEE3645-F9C5-4FC3-8657-9FCBB52B6D1E}.UnicodeDebug|Mixed Platforms.ActiveCfg = UnicodeDebug|Win32
		{AAEE3645-F9C5-4FC3-8657-9FCBB52B6D1E}.UnicodeDebug|Mixed Platforms.Build.0 = UnicodeDebug|Win32
		{AAEE3645-F9C5-4FC3-8657-9FCBB52B6D1E}.UnicodeDebug|Win32.ActiveCfg = UnicodeDebug|Win32
		{AAEE3645-F9C5-4FC3-8657-9FCBB52B6D1E}.UnicodeDebug|Win32.Build.0 = UnicodeDebug|Win32
		{AAEE3645-F9C5-4FC3-8657-9FCBB52B6D1E}.UnicodeFullDebug|Any CPU.ActiveCfg = UnicodeFullDebug|Win32
		{AAEE3645-F9C5-4FC3-8657-9FCBB52B6D1E}.UnicodeFullDebug|Mixed Platforms.ActiveCfg = UnicodeFullDebug|Win32
		{AAEE3645-F9C5-4FC3-8657-9FCBB52B6D1E}.UnicodeFullDebug|Mixed Platforms.Build.0 = UnicodeFullDebug|Win32
		{AAEE3645-F9C5-4FC3-8657-9FCBB52B6D1E}.UnicodeFullDebug|Win32.ActiveCfg = UnicodeFullDebug|Win32
		{AAEE3645-F9C5-4FC3-8657-9FCBB52B6D1E}.UnicodeFullDebug|Win32.Build.0 = UnicodeFullDebug|Win32
		{AAEE3645-F9C5-4FC3-8657-9FCBB52B6D1E}.UnicodeRelease|Any CPU.ActiveCfg = UnicodeRelease|Win32
		{AAEE3645-F9C5-4FC3-8657-9FCBB52B6D1E}.UnicodeRelease|Mixed Platforms.ActiveCfg = UnicodeRelease|Win32
		{AAEE3645-F9C5-4FC3-8657-9FCBB52B6D1E}.UnicodeRelease|Mixed Platforms.Build.0 = UnicodeRelease|Win32
		{AAEE3645-F9C5-4FC3-8657-9FCBB52B6D1E}.UnicodeRelease|Win32.ActiveCfg = UnicodeRelease|Win32
		{AAEE3645-F9C5-4FC3-8657-9FCBB52B6D1E}.UnicodeRelease|Win32.Build.0 = UnicodeRelease|Win32
		{8BEA331A-36EE-44EE-93E4-3B195AF7CB58}.Debug|Any CPU.ActiveCfg = Debug|Win32
		{8BEA331A-36EE-44EE-93E4-3B195AF7CB58}.Debug|Mixed Platforms.ActiveCfg = Debug|Win32
		{8BEA331A-36EE-44EE-93E4-3B195AF7CB58}.Debug|Mixed Platforms.Build.0 = Debug|Win32
		{8BEA331A-36EE-44EE-93E4-3B195AF7CB58}.Debug|Win32.ActiveCfg = Debug|Win32
		{8BEA331A-36EE-44EE-93E4-3B195AF7CB58}.Debug|Win32.Build.0 = Debug|Win32
		{8BEA331A-36EE-44EE-93E4-3B195AF7CB58}.FullDebug|Any CPU.ActiveCfg = FullDebug|Win32
		{8BEA331A-36EE-44EE-93E4-3B195AF7CB58}.FullDebug|Mixed Platforms.ActiveCfg = FullDebug|Win32
		{8BEA331A-36EE-44EE-93E4-3B195AF7CB58}.FullDebug|Mixed Platforms.Build.0 = FullDebug|Win32
		{8BEA331A-36EE-44EE-93E4-3B195AF7CB58}.FullDebug|Win32.ActiveCfg = FullDebug|Win32
		{8BEA331A-36EE-44EE-93E4-3B195AF7CB58}.FullDebug|Win32.Build.0 = FullDebug|Win32
		{8BEA331A-36EE-44EE-93E4-3B195AF7CB58}.Release|Any CPU.ActiveCfg = Release|Win32
		{8BEA331A-36EE-44EE-93E4-3B195AF7CB58}.Release|Mixed Platforms.ActiveCfg = Release|Win32
		{8BEA331A-36EE-44EE-93E4-3B195AF7CB58}.Release|Mixed Platforms.Build.0 = Release|Win32
		{8BEA331A-36EE-44EE-93E4-3B195AF7CB58}.Release|Win32.ActiveCfg = Release|Win32
		{8BEA331A-36EE-44EE-93E4-3B195AF7CB58}.Release|Win32.Build.0 = Release|Win32
		{8BEA331A-36EE-44EE-93E4-3B195AF7CB58}.UnicodeDebug|Any CPU.ActiveCfg = UnicodeDebug|Win32
		{8BEA331A-36EE-44EE-93E4-3B195AF7CB58}.UnicodeDebug|Mixed Platforms.ActiveCfg = UnicodeDebug|Win32
		{8BEA331A-36EE-44EE-93E4-3B195AF7CB58}.UnicodeDebug|Mixed Platforms.Build.0 = UnicodeDebug|Win32
		{8BEA331A-36EE-44EE-93E4-3B195AF7CB58}.UnicodeDebug|Win32.ActiveCfg = UnicodeDebug|Win32
		{8BEA331A-36EE-44EE-93E4-3B195AF7CB58}.UnicodeDebug|Win32.Build.0 = UnicodeDebug|Win32
		{8BEA331A-36EE-44EE-93E4-3B195AF7CB58}.UnicodeFullDebug|Any CPU.ActiveCfg = UnicodeFullDebug|Win32
		{8BEA331A-36EE-44EE-93E4-3B195AF7CB58}.UnicodeFullDebug|Mixed Platforms.ActiveCfg = UnicodeFullDebug|Win32
		{8BEA331A-36EE-44EE-93E4-3B195AF7CB58}.UnicodeFullDebug|Mixed Platforms.Build.0 = UnicodeFullDebug|Win32
		{8BEA331A-36EE-44EE-93E4-3B195AF7CB58}.UnicodeFullDebug|Win32.ActiveCfg = UnicodeFullDebug|Win32
		{8BEA331A-36EE-44EE-93E4-3B195AF7CB58}.UnicodeFullDebug|Win32.Build.0 = UnicodeFullDebug|Win32
		{8BEA331A-36EE-44EE-93E4-3B195AF7CB58}.UnicodeRelease|Any CPU.ActiveCfg = UnicodeRelease|Win32
		{8BEA331A-36EE-44EE-93E4-3B195AF7CB58}.UnicodeRelease|Mixed Platforms.ActiveCfg = UnicodeRelease|Win32
		{8BEA331A-36EE-44EE-93E4-3B195AF7CB58}.UnicodeRelease|Mixed Platforms.Build.0 = UnicodeRelease|Win32
		{8BEA331A-36EE-44EE-93E4-3B195AF7CB58}.UnicodeRelease|Win32.ActiveCfg = UnicodeRelease|Win32
		{8BEA331A-36EE-44EE-93E4-3B195AF7CB58}.UnicodeRelease|Win32.Build.0 = UnicodeRelease|Win32
		{E3133B87-5830-4ECA-A611-BE8CABD0D3EF}.Debug|Any CPU.ActiveCfg = Debug|Any CPU
		{E3133B87-5830-4ECA-A611-BE8CABD0D3EF}.Debug|Any CPU.Build.0 = Debug|Any CPU
		{E3133B87-5830-4ECA-A611-BE8CABD0D3EF}.Debug|Mixed Platforms.ActiveCfg = Debug|Any CPU
		{E3133B87-5830-4ECA-A611-BE8CABD0D3EF}.Debug|Mixed Platforms.Build.0 = Debug|Any CPU
		{E3133B87-5830-4ECA-A611-BE8CABD0D3EF}.Debug|Win32.ActiveCfg = Debug|Any CPU
		{E3133B87-5830-4ECA-A611-BE8CABD0D3EF}.FullDebug|Any CPU.ActiveCfg = Debug|Any CPU
		{E3133B87-5830-4ECA-A611-BE8CABD0D3EF}.FullDebug|Any CPU.Build.0 = Debug|Any CPU
		{E3133B87-5830-4ECA-A611-BE8CABD0D3EF}.FullDebug|Mixed Platforms.ActiveCfg = Debug|Any CPU
		{E3133B87-5830-4ECA-A611-BE8CABD0D3EF}.FullDebug|Mixed Platforms.Build.0 = Debug|Any CPU
		{E3133B87-5830-4ECA-A611-BE8CABD0D3EF}.FullDebug|Win32.ActiveCfg = Debug|Any CPU
		{E3133B87-5830-4ECA-A611-BE8CABD0D3EF}.Release|Any CPU.ActiveCfg = Release|Any CPU
		{E3133B87-5830-4ECA-A611-BE8CABD0D3EF}.Release|Any CPU.Build.0 = Release|Any CPU
		{E3133B87-5830-4ECA-A611-BE8CABD0D3EF}.Release|Mixed Platforms.ActiveCfg = Release|Any CPU
		{E3133B87-5830-4ECA-A611-BE8CABD0D3EF}.Release|Mixed Platforms.Build.0 = Release|Any CPU
		{E3133B87-5830-4ECA-A611-BE8CABD0D3EF}.Release|Win32.ActiveCfg = Release|Any CPU
		{E3133B87-5830-4ECA-A611-BE8CABD0D3EF}.UnicodeDebug|Any CPU.ActiveCfg = Debug|Any CPU
		{E3133B87-5830-4ECA-A611-BE8CABD0D3EF}.UnicodeDebug|Any CPU.Build.0 = Debug|Any CPU
		{E3133B87-5830-4ECA-A611-BE8CABD0D3EF}.UnicodeDebug|Mixed Platforms.ActiveCfg = Debug|Any CPU
		{E3133B87-5830-4ECA-A611-BE8CABD0D3EF}.UnicodeDebug|Mixed Platforms.Build.0 = Debug|Any CPU
		{E3133B87-5830-4ECA-A611-BE8CABD0D3EF}.UnicodeDebug|Win32.ActiveCfg = Debug|Any CPU
		{E3133B87-5830-4ECA-A611-BE8CABD0D3EF}.UnicodeFullDebug|Any CPU.ActiveCfg = Debug|Any CPU
		{E3133B87-5830-4ECA-A611-BE8CABD0D3EF}.UnicodeFullDebug|Any CPU.Build.0 = Debug|Any CPU
		{E3133B87-5830-4ECA-A611-BE8CABD0D3EF}.UnicodeFullDebug|Mixed Platforms.ActiveCfg = Debug|Any CPU
		{E3133B87-5830-4ECA-A611-BE8CABD0D3EF}.UnicodeFullDebug|Mixed Platforms.Build.0 = Debug|Any CPU
		{E3133B87-5830-4ECA-A611-BE8CABD0D3EF}.UnicodeFullDebug|Win32.ActiveCfg = Debug|Any CPU
		{E3133B87-5830-4ECA-A611-BE8CABD0D3EF}.UnicodeRelease|Any CPU.ActiveCfg = Release|Any CPU
		{E3133B87-5830-4ECA-A611-BE8CABD0D3EF}.UnicodeRelease|Any CPU.Build.0 = Release|Any CPU
		{E3133B87-5830-4ECA-A611-BE8CABD0D3EF}.UnicodeRelease|Mixed Platforms.ActiveCfg = Release|Any CPU
		{E3133B87-5830-4ECA-A611-BE8CABD0D3EF}.UnicodeRelease|Mixed Platforms.Build.0 = Release|Any CPU
		{E3133B87-5830-4ECA-A611-BE8CABD0D3EF}.UnicodeRelease|Win32.ActiveCfg = Release|Any CPU
		{978411C2-9793-4684-B781-21E9F0D38335}.Debug|Any CPU.ActiveCfg = Debug|Any CPU
		{978411C2-9793-4684-B781-21E9F0D38335}.Debug|Any CPU.Build.0 = Debug|Any CPU
		{978411C2-9793-4684-B781-21E9F0D38335}.Debug|Mixed Platforms.ActiveCfg = Debug|Any CPU
		{978411C2-9793-4684-B781-21E9F0D38335}.Debug|Mixed Platforms.Build.0 = Debug|Any CPU
		{978411C2-9793-4684-B781-21E9F0D38335}.Debug|Win32.ActiveCfg = Debug|Any CPU
		{978411C2-9793-4684-B781-21E9F0D38335}.FullDebug|Any CPU.ActiveCfg = Debug|Any CPU
		{978411C2-9793-4684-B781-21E9F0D38335}.FullDebug|Any CPU.Build.0 = Debug|Any CPU
		{978411C2-9793-4684-B781-21E9F0D38335}.FullDebug|Mixed Platforms.ActiveCfg = Debug|Any CPU
		{978411C2-9793-4684-B781-21E9F0D38335}.FullDebug|Mixed Platforms.Build.0 = Debug|Any CPU
		{978411C2-9793-4684-B781-21E9F0D38335}.FullDebug|Win32.ActiveCfg = Debug|Any CPU
		{978411C2-9793-4684-B781-21E9F0D38335}.Release|Any CPU.ActiveCfg = Release|Any CPU
		{978411C2-9793-4684-B781-21E9F0D38335}.Release|Any CPU.Build.0 = Release|Any CPU
		{978411C2-9793-4684-B781-21E9F0D38335}.Release|Mixed Platforms.ActiveCfg = Release|Any CPU
		{978411C2-9793-4684-B781-21E9F0D38335}.Release|Mixed Platforms.Build.0 = Release|Any CPU
		{978411C2-9793-4684-B781-21E9F0D38335}.Release|Win32.ActiveCfg = Release|Any CPU
		{978411C2-9793-4684-B781-21E9F0D38335}.UnicodeDebug|Any CPU.ActiveCfg = Debug|Any CPU
		{978411C2-9793-4684-B781-21E9F0D38335}.UnicodeDebug|Any CPU.Build.0 = Debug|Any CPU
		{978411C2-9793-4684-B781-21E9F0D38335}.UnicodeDebug|Mixed Platforms.ActiveCfg = Debug|Any CPU
		{978411C2-9793-4684-B781-21E9F0D38335}.UnicodeDebug|Mixed Platforms.Build.0 = Debug|Any CPU
		{978411C2-9793-4684-B781-21E9F0D38335}.UnicodeDebug|Win32.ActiveCfg = Debug|Any CPU
		{978411C2-9793-4684-B781-21E9F0D38335}.UnicodeFullDebug|Any CPU.ActiveCfg = Debug|Any CPU
		{978411C2-9793-4684-B781-21E9F0D38335}.UnicodeFullDebug|Any CPU.Build.0 = Debug|Any CPU
		{978411C2-9793-4684-B781-21E9F0D38335}.UnicodeFullDebug|Mixed Platforms.ActiveCfg = Debug|Any CPU
		{978411C2-9793-4684-B781-21E9F0D38335}.UnicodeFullDebug|Mixed Platforms.Build.0 = Debug|Any CPU
		{978411C2-9793-4684-B781-21E9F0D38335}.UnicodeFullDebug|Win32.ActiveCfg = Debug|Any CPU
		{978411C2-9793-4684-B781-21E9F0D38335}.UnicodeRelease|Any CPU.ActiveCfg = Release|Any CPU
		{978411C2-9793-4684-B781-21E9F0D38335}.UnicodeRelease|Any CPU.Build.0 = Release|Any CPU
		{978411C2-9793-4684-B781-21E9F0D38335}.UnicodeRelease|Mixed Platforms.ActiveCfg = Release|Any CPU
		{978411C2-9793-4684-B781-21E9F0D38335}.UnicodeRelease|Mixed Platforms.Build.0 = Release|Any CPU
		{978411C2-9793-4684-B781-21E9F0D38335}.UnicodeRelease|Win32.ActiveCfg = Release|Any CPU
	EndGlobalSection
	GlobalSection(SolutionProperties) = preSolution
		HideSolutionNode = FALSE
	EndGlobalSection
	GlobalSection(NestedProjects) = preSolution
		{1524C660-78B2-4D18-956A-6365123FB8C2} = {35457C13-8F67-42AF-A3FB-CA31874C1CC0}
		{C587BA8B-2DEF-4168-AD6F-417226FEAC43} = {35457C13-8F67-42AF-A3FB-CA31874C1CC0}
		{21189BD8-BF25-420D-86F1-65956FBD6DBC} = {35457C13-8F67-42AF-A3FB-CA31874C1CC0}
		{6BF38E9C-A5FD-4EB5-BF84-0CD932C8EF4E} = {35457C13-8F67-42AF-A3FB-CA31874C1CC0}
		{A490DE59-4919-4BD0-A516-C23F966C2697} = {35457C13-8F67-42AF-A3FB-CA31874C1CC0}
		{E2629DFD-5DC7-4E5C-8665-82CA0DAB2B95} = {35457C13-8F67-42AF-A3FB-CA31874C1CC0}
		{AE147945-247D-4B51-A9FF-5DC3B6B0BAB6} = {35457C13-8F67-42AF-A3FB-CA31874C1CC0}
		{4389996F-ADD5-4868-9A1F-EFB5D0AAE360} = {35457C13-8F67-42AF-A3FB-CA31874C1CC0}
		{6FF52E55-61AF-4989-A125-58FD9C458328} = {35457C13-8F67-42AF-A3FB-CA31874C1CC0}
		{82BD097F-4FD1-4C5F-AEB9-152AE66D2B2B} = {35457C13-8F67-42AF-A3FB-CA31874C1CC0}
		{AAEE3645-F9C5-4FC3-8657-9FCBB52B6D1E} = {35457C13-8F67-42AF-A3FB-CA31874C1CC0}
		{8BEA331A-36EE-44EE-93E4-3B195AF7CB58} = {35457C13-8F67-42AF-A3FB-CA31874C1CC0}
	EndGlobalSection
EndGlobal
